// !$*UTF8*$!
{
	archiveVersion = 1;
	classes = {
	};
	objectVersion = 50;
	objects = {

/* Begin PBXBuildFile section */
		7B26482D20F376AD0055EB2C /* EventsForwarder.m in Sources */ = {isa = PBXBuildFile; fileRef = 7B26481C20F376AC0055EB2C /* EventsForwarder.m */; };
		7B26482E20F376AD0055EB2C /* SettingsViewController.m in Sources */ = {isa = PBXBuildFile; fileRef = 7B26481E20F376AC0055EB2C /* SettingsViewController.m */; };
		7B26482F20F376AD0055EB2C /* BleTableViewHeaderCell.m in Sources */ = {isa = PBXBuildFile; fileRef = 7B26482020F376AC0055EB2C /* BleTableViewHeaderCell.m */; };
		7B26483020F376AD0055EB2C /* DeviceDetailViewController.m in Sources */ = {isa = PBXBuildFile; fileRef = 7B26482220F376AC0055EB2C /* DeviceDetailViewController.m */; };
		7B26483320F376AD0055EB2C /* ScanViewController.m in Sources */ = {isa = PBXBuildFile; fileRef = 7B26482520F376AC0055EB2C /* ScanViewController.m */; };
		7B26483420F376AD0055EB2C /* BleTableViewDeviceCell.m in Sources */ = {isa = PBXBuildFile; fileRef = 7B26482620F376AC0055EB2C /* BleTableViewDeviceCell.m */; };
		7B2C41F320E64F4A00AB0F5A /* AppDelegate.m in Sources */ = {isa = PBXBuildFile; fileRef = 7B2C41F220E64F4A00AB0F5A /* AppDelegate.m */; };
		7B2C41F920E64F4A00AB0F5A /* Main.storyboard in Resources */ = {isa = PBXBuildFile; fileRef = 7B2C41F720E64F4A00AB0F5A /* Main.storyboard */; };
		7B2C41FB20E64F4D00AB0F5A /* Assets.xcassets in Resources */ = {isa = PBXBuildFile; fileRef = 7B2C41FA20E64F4D00AB0F5A /* Assets.xcassets */; };
		7B2C41FE20E64F4D00AB0F5A /* LaunchScreen.storyboard in Resources */ = {isa = PBXBuildFile; fileRef = 7B2C41FC20E64F4D00AB0F5A /* LaunchScreen.storyboard */; };
		7B2C420120E64F4D00AB0F5A /* main.m in Sources */ = {isa = PBXBuildFile; fileRef = 7B2C420020E64F4D00AB0F5A /* main.m */; };
		9206D4F921525B4A008245ED /* RfidActiveApiReaderLibObjC.framework in Frameworks */ = {isa = PBXBuildFile; fileRef = 9206D4F221525A2C008245ED /* RfidActiveApiReaderLibObjC.framework */; };
		9206D4FA21525B4A008245ED /* RfidActiveApiReaderLibObjC.framework in Embed Frameworks */ = {isa = PBXBuildFile; fileRef = 9206D4F221525A2C008245ED /* RfidActiveApiReaderLibObjC.framework */; settings = {ATTRIBUTES = (CodeSignOnCopy, RemoveHeadersOnCopy, ); }; };
		9206D4FF21525B4E008245ED /* TxRxLib.framework in Frameworks */ = {isa = PBXBuildFile; fileRef = 9206D4FE21525B4E008245ED /* TxRxLib.framework */; };
		9206D50021525B4E008245ED /* TxRxLib.framework in Embed Frameworks */ = {isa = PBXBuildFile; fileRef = 9206D4FE21525B4E008245ED /* TxRxLib.framework */; settings = {ATTRIBUTES = (CodeSignOnCopy, RemoveHeadersOnCopy, ); }; };
/* End PBXBuildFile section */

/* Begin PBXContainerItemProxy section */
		9206D4F121525A2C008245ED /* PBXContainerItemProxy */ = {
			isa = PBXContainerItemProxy;
			containerPortal = 9206D4EC21525A2C008245ED /* RfidActiveApiReaderLibObjC.xcodeproj */;
			proxyType = 2;
			remoteGlobalIDString = 7BB4D7D720E65AEE006EE563;
			remoteInfo = RfidActiveApiReaderLibObjC;
		};
		9206D4FB21525B4A008245ED /* PBXContainerItemProxy */ = {
			isa = PBXContainerItemProxy;
			containerPortal = 9206D4EC21525A2C008245ED /* RfidActiveApiReaderLibObjC.xcodeproj */;
			proxyType = 1;
			remoteGlobalIDString = 7BB4D7D620E65AEE006EE563;
			remoteInfo = RfidActiveApiReaderLibObjC;
		};
/* End PBXContainerItemProxy section */

/* Begin PBXCopyFilesBuildPhase section */
		9206D4FD21525B4A008245ED /* Embed Frameworks */ = {
			isa = PBXCopyFilesBuildPhase;
			buildActionMask = 2147483647;
			dstPath = "";
			dstSubfolderSpec = 10;
			files = (
				9206D50021525B4E008245ED /* TxRxLib.framework in Embed Frameworks */,
				9206D4FA21525B4A008245ED /* RfidActiveApiReaderLibObjC.framework in Embed Frameworks */,
			);
			name = "Embed Frameworks";
			runOnlyForDeploymentPostprocessing = 0;
		};
/* End PBXCopyFilesBuildPhase section */

/* Begin PBXFileReference section */
		7B26481920F376AC0055EB2C /* ScanViewController.h */ = {isa = PBXFileReference; fileEncoding = 4; lastKnownFileType = sourcecode.c.h; name = ScanViewController.h; path = TestApp/ScanViewController.h; sourceTree = "<group>"; };
		7B26481A20F376AC0055EB2C /* DeviceDetailViewController.h */ = {isa = PBXFileReference; fileEncoding = 4; lastKnownFileType = sourcecode.c.h; name = DeviceDetailViewController.h; path = TestApp/DeviceDetailViewController.h; sourceTree = "<group>"; };
		7B26481B20F376AC0055EB2C /* EventsForwarder.h */ = {isa = PBXFileReference; fileEncoding = 4; lastKnownFileType = sourcecode.c.h; path = EventsForwarder.h; sourceTree = "<group>"; };
		7B26481C20F376AC0055EB2C /* EventsForwarder.m */ = {isa = PBXFileReference; fileEncoding = 4; lastKnownFileType = sourcecode.c.objc; path = EventsForwarder.m; sourceTree = "<group>"; };
		7B26481E20F376AC0055EB2C /* SettingsViewController.m */ = {isa = PBXFileReference; fileEncoding = 4; lastKnownFileType = sourcecode.c.objc; name = SettingsViewController.m; path = TestApp/SettingsViewController.m; sourceTree = "<group>"; };
		7B26481F20F376AC0055EB2C /* BleTableViewDeviceCell.h */ = {isa = PBXFileReference; fileEncoding = 4; lastKnownFileType = sourcecode.c.h; name = BleTableViewDeviceCell.h; path = TestApp/BleTableViewDeviceCell.h; sourceTree = "<group>"; };
		7B26482020F376AC0055EB2C /* BleTableViewHeaderCell.m */ = {isa = PBXFileReference; fileEncoding = 4; lastKnownFileType = sourcecode.c.objc; name = BleTableViewHeaderCell.m; path = TestApp/BleTableViewHeaderCell.m; sourceTree = "<group>"; };
		7B26482120F376AC0055EB2C /* SettingsViewController.h */ = {isa = PBXFileReference; fileEncoding = 4; lastKnownFileType = sourcecode.c.h; name = SettingsViewController.h; path = TestApp/SettingsViewController.h; sourceTree = "<group>"; };
		7B26482220F376AC0055EB2C /* DeviceDetailViewController.m */ = {isa = PBXFileReference; fileEncoding = 4; lastKnownFileType = sourcecode.c.objc; name = DeviceDetailViewController.m; path = TestApp/DeviceDetailViewController.m; sourceTree = "<group>"; };
		7B26482520F376AC0055EB2C /* ScanViewController.m */ = {isa = PBXFileReference; fileEncoding = 4; lastKnownFileType = sourcecode.c.objc; name = ScanViewController.m; path = TestApp/ScanViewController.m; sourceTree = "<group>"; };
		7B26482620F376AC0055EB2C /* BleTableViewDeviceCell.m */ = {isa = PBXFileReference; fileEncoding = 4; lastKnownFileType = sourcecode.c.objc; name = BleTableViewDeviceCell.m; path = TestApp/BleTableViewDeviceCell.m; sourceTree = "<group>"; };
		7B26482820F376AC0055EB2C /* BleTableViewHeaderCell.h */ = {isa = PBXFileReference; fileEncoding = 4; lastKnownFileType = sourcecode.c.h; name = BleTableViewHeaderCell.h; path = TestApp/BleTableViewHeaderCell.h; sourceTree = "<group>"; };
		7B2C41EE20E64F4A00AB0F5A /* RfidActiveApiReaderTestappIosObjC.app */ = {isa = PBXFileReference; explicitFileType = wrapper.application; includeInIndex = 0; path = RfidActiveApiReaderTestappIosObjC.app; sourceTree = BUILT_PRODUCTS_DIR; };
		7B2C41F120E64F4A00AB0F5A /* AppDelegate.h */ = {isa = PBXFileReference; lastKnownFileType = sourcecode.c.h; path = AppDelegate.h; sourceTree = "<group>"; };
		7B2C41F220E64F4A00AB0F5A /* AppDelegate.m */ = {isa = PBXFileReference; lastKnownFileType = sourcecode.c.objc; path = AppDelegate.m; sourceTree = "<group>"; };
		7B2C41F820E64F4A00AB0F5A /* Base */ = {isa = PBXFileReference; lastKnownFileType = file.storyboard; name = Base; path = Base.lproj/Main.storyboard; sourceTree = "<group>"; };
		7B2C41FA20E64F4D00AB0F5A /* Assets.xcassets */ = {isa = PBXFileReference; lastKnownFileType = folder.assetcatalog; path = Assets.xcassets; sourceTree = "<group>"; };
		7B2C41FD20E64F4D00AB0F5A /* Base */ = {isa = PBXFileReference; lastKnownFileType = file.storyboard; name = Base; path = Base.lproj/LaunchScreen.storyboard; sourceTree = "<group>"; };
		7B2C41FF20E64F4D00AB0F5A /* Info.plist */ = {isa = PBXFileReference; lastKnownFileType = text.plist.xml; path = Info.plist; sourceTree = "<group>"; };
		7B2C420020E64F4D00AB0F5A /* main.m */ = {isa = PBXFileReference; lastKnownFileType = sourcecode.c.objc; path = main.m; sourceTree = "<group>"; };
		9206D4EC21525A2C008245ED /* RfidActiveApiReaderLibObjC.xcodeproj */ = {isa = PBXFileReference; lastKnownFileType = "wrapper.pb-project"; name = RfidActiveApiReaderLibObjC.xcodeproj; path = "tt-sensor-active-api-lib-ios-objc/RfidActiveApiReaderLibObjC/RfidActiveApiReaderLibObjC.xcodeproj"; sourceTree = "<group>"; };
		9206D4FE21525B4E008245ED /* TxRxLib.framework */ = {isa = PBXFileReference; explicitFileType = wrapper.framework; path = TxRxLib.framework; sourceTree = BUILT_PRODUCTS_DIR; };
/* End PBXFileReference section */

/* Begin PBXFrameworksBuildPhase section */
		7B2C41EB20E64F4A00AB0F5A /* Frameworks */ = {
			isa = PBXFrameworksBuildPhase;
			buildActionMask = 2147483647;
			files = (
				9206D4FF21525B4E008245ED /* TxRxLib.framework in Frameworks */,
				9206D4F921525B4A008245ED /* RfidActiveApiReaderLibObjC.framework in Frameworks */,
			);
			runOnlyForDeploymentPostprocessing = 0;
		};
/* End PBXFrameworksBuildPhase section */

/* Begin PBXGroup section */
		7B2C41E520E64F4A00AB0F5A = {
			isa = PBXGroup;
			children = (
				9206D4FE21525B4E008245ED /* TxRxLib.framework */,
				9206D4EC21525A2C008245ED /* RfidActiveApiReaderLibObjC.xcodeproj */,
				7B2C41F020E64F4A00AB0F5A /* RfidActiveApiReaderTestappIosObjC */,
				7B2C41EF20E64F4A00AB0F5A /* Products */,
			);
			sourceTree = "<group>";
		};
		7B2C41EF20E64F4A00AB0F5A /* Products */ = {
			isa = PBXGroup;
			children = (
				7B2C41EE20E64F4A00AB0F5A /* RfidActiveApiReaderTestappIosObjC.app */,
			);
			name = Products;
			sourceTree = "<group>";
		};
		7B2C41F020E64F4A00AB0F5A /* RfidActiveApiReaderTestappIosObjC */ = {
			isa = PBXGroup;
			children = (
				7BB4C6CF20F377C900E56752 /* Testing */,
				7BB4C6CE20F377C400E56752 /* Scanning */,
				7BB4C6CD20F377BF00E56752 /* Settings */,
				7B26481B20F376AC0055EB2C /* EventsForwarder.h */,
				7B26481C20F376AC0055EB2C /* EventsForwarder.m */,
				7B2C41F120E64F4A00AB0F5A /* AppDelegate.h */,
				7B2C41F220E64F4A00AB0F5A /* AppDelegate.m */,
				7B2C41F720E64F4A00AB0F5A /* Main.storyboard */,
				7B2C41FA20E64F4D00AB0F5A /* Assets.xcassets */,
				7B2C41FC20E64F4D00AB0F5A /* LaunchScreen.storyboard */,
				7B2C41FF20E64F4D00AB0F5A /* Info.plist */,
				7B2C420020E64F4D00AB0F5A /* main.m */,
			);
			path = RfidActiveApiReaderTestappIosObjC;
			sourceTree = "<group>";
		};
		7BB4C6CD20F377BF00E56752 /* Settings */ = {
			isa = PBXGroup;
			children = (
				7B26482120F376AC0055EB2C /* SettingsViewController.h */,
				7B26481E20F376AC0055EB2C /* SettingsViewController.m */,
			);
			name = Settings;
			sourceTree = "<group>";
		};
		7BB4C6CE20F377C400E56752 /* Scanning */ = {
			isa = PBXGroup;
			children = (
				7B26482820F376AC0055EB2C /* BleTableViewHeaderCell.h */,
				7B26482020F376AC0055EB2C /* BleTableViewHeaderCell.m */,
				7B26481F20F376AC0055EB2C /* BleTableViewDeviceCell.h */,
				7B26482620F376AC0055EB2C /* BleTableViewDeviceCell.m */,
				7B26481920F376AC0055EB2C /* ScanViewController.h */,
				7B26482520F376AC0055EB2C /* ScanViewController.m */,
			);
			name = Scanning;
			sourceTree = "<group>";
		};
		7BB4C6CF20F377C900E56752 /* Testing */ = {
			isa = PBXGroup;
			children = (
				7B26481A20F376AC0055EB2C /* DeviceDetailViewController.h */,
				7B26482220F376AC0055EB2C /* DeviceDetailViewController.m */,
			);
			name = Testing;
			sourceTree = "<group>";
		};
		9206D4ED21525A2C008245ED /* Products */ = {
			isa = PBXGroup;
			children = (
				9206D4F221525A2C008245ED /* RfidActiveApiReaderLibObjC.framework */,
			);
			name = Products;
			sourceTree = "<group>";
		};
/* End PBXGroup section */

/* Begin PBXNativeTarget section */
		7B2C41ED20E64F4A00AB0F5A /* RfidActiveApiReaderTestappIosObjC */ = {
			isa = PBXNativeTarget;
			buildConfigurationList = 7B2C420420E64F4D00AB0F5A /* Build configuration list for PBXNativeTarget "RfidActiveApiReaderTestappIosObjC" */;
			buildPhases = (
				7B2C41EA20E64F4A00AB0F5A /* Sources */,
				7B2C41EB20E64F4A00AB0F5A /* Frameworks */,
				7B2C41EC20E64F4A00AB0F5A /* Resources */,
				9206D4FD21525B4A008245ED /* Embed Frameworks */,
			);
			buildRules = (
			);
			dependencies = (
				9206D4FC21525B4A008245ED /* PBXTargetDependency */,
			);
			name = RfidActiveApiReaderTestappIosObjC;
			productName = RfidActiveApiSensorTestappIosObjC;
			productReference = 7B2C41EE20E64F4A00AB0F5A /* RfidActiveApiReaderTestappIosObjC.app */;
			productType = "com.apple.product-type.application";
		};
/* End PBXNativeTarget section */

/* Begin PBXProject section */
		7B2C41E620E64F4A00AB0F5A /* Project object */ = {
			isa = PBXProject;
			attributes = {
				LastUpgradeCheck = 0940;
				ORGANIZATIONNAME = Tertium;
				TargetAttributes = {
					7B2C41ED20E64F4A00AB0F5A = {
						CreatedOnToolsVersion = 9.4.1;
					};
				};
			};
			buildConfigurationList = 7B2C41E920E64F4A00AB0F5A /* Build configuration list for PBXProject "RfidActiveApiReaderTestappIosObjC" */;
			compatibilityVersion = "Xcode 9.3";
			developmentRegion = en;
			hasScannedForEncodings = 0;
			knownRegions = (
				en,
				Base,
			);
			mainGroup = 7B2C41E520E64F4A00AB0F5A;
			productRefGroup = 7B2C41EF20E64F4A00AB0F5A /* Products */;
			projectDirPath = "";
			projectReferences = (
				{
					ProductGroup = 9206D4ED21525A2C008245ED /* Products */;
					ProjectRef = 9206D4EC21525A2C008245ED /* RfidActiveApiReaderLibObjC.xcodeproj */;
				},
			);
			projectRoot = "";
			targets = (
				7B2C41ED20E64F4A00AB0F5A /* RfidActiveApiReaderTestappIosObjC */,
			);
		};
/* End PBXProject section */

/* Begin PBXReferenceProxy section */
		9206D4F221525A2C008245ED /* RfidActiveApiReaderLibObjC.framework */ = {
			isa = PBXReferenceProxy;
			fileType = wrapper.framework;
			path = RfidActiveApiReaderLibObjC.framework;
			remoteRef = 9206D4F121525A2C008245ED /* PBXContainerItemProxy */;
			sourceTree = BUILT_PRODUCTS_DIR;
		};
/* End PBXReferenceProxy section */

/* Begin PBXResourcesBuildPhase section */
		7B2C41EC20E64F4A00AB0F5A /* Resources */ = {
			isa = PBXResourcesBuildPhase;
			buildActionMask = 2147483647;
			files = (
				7B2C41FE20E64F4D00AB0F5A /* LaunchScreen.storyboard in Resources */,
				7B2C41FB20E64F4D00AB0F5A /* Assets.xcassets in Resources */,
				7B2C41F920E64F4A00AB0F5A /* Main.storyboard in Resources */,
			);
			runOnlyForDeploymentPostprocessing = 0;
		};
/* End PBXResourcesBuildPhase section */

/* Begin PBXSourcesBuildPhase section */
		7B2C41EA20E64F4A00AB0F5A /* Sources */ = {
			isa = PBXSourcesBuildPhase;
			buildActionMask = 2147483647;
			files = (
				7B26483020F376AD0055EB2C /* DeviceDetailViewController.m in Sources */,
				7B26483320F376AD0055EB2C /* ScanViewController.m in Sources */,
				7B26482D20F376AD0055EB2C /* EventsForwarder.m in Sources */,
				7B26483420F376AD0055EB2C /* BleTableViewDeviceCell.m in Sources */,
				7B26482F20F376AD0055EB2C /* BleTableViewHeaderCell.m in Sources */,
				7B26482E20F376AD0055EB2C /* SettingsViewController.m in Sources */,
				7B2C420120E64F4D00AB0F5A /* main.m in Sources */,
				7B2C41F320E64F4A00AB0F5A /* AppDelegate.m in Sources */,
			);
			runOnlyForDeploymentPostprocessing = 0;
		};
/* End PBXSourcesBuildPhase section */

/* Begin PBXTargetDependency section */
		9206D4FC21525B4A008245ED /* PBXTargetDependency */ = {
			isa = PBXTargetDependency;
			name = RfidActiveApiReaderLibObjC;
			targetProxy = 9206D4FB21525B4A008245ED /* PBXContainerItemProxy */;
		};
/* End PBXTargetDependency section */

/* Begin PBXVariantGroup section */
		7B2C41F720E64F4A00AB0F5A /* Main.storyboard */ = {
			isa = PBXVariantGroup;
			children = (
				7B2C41F820E64F4A00AB0F5A /* Base */,
			);
			name = Main.storyboard;
			sourceTree = "<group>";
		};
		7B2C41FC20E64F4D00AB0F5A /* LaunchScreen.storyboard */ = {
			isa = PBXVariantGroup;
			children = (
				7B2C41FD20E64F4D00AB0F5A /* Base */,
			);
			name = LaunchScreen.storyboard;
			sourceTree = "<group>";
		};
/* End PBXVariantGroup section */

/* Begin XCBuildConfiguration section */
		7B2C420220E64F4D00AB0F5A /* Debug */ = {
			isa = XCBuildConfiguration;
			buildSettings = {
				ALWAYS_SEARCH_USER_PATHS = NO;
				CLANG_ANALYZER_NONNULL = YES;
				CLANG_ANALYZER_NUMBER_OBJECT_CONVERSION = YES_AGGRESSIVE;
				CLANG_CXX_LANGUAGE_STANDARD = "gnu++14";
				CLANG_CXX_LIBRARY = "libc++";
				CLANG_ENABLE_MODULES = YES;
				CLANG_ENABLE_OBJC_ARC = YES;
				CLANG_ENABLE_OBJC_WEAK = YES;
				CLANG_WARN_BLOCK_CAPTURE_AUTORELEASING = YES;
				CLANG_WARN_BOOL_CONVERSION = YES;
				CLANG_WARN_COMMA = YES;
				CLANG_WARN_CONSTANT_CONVERSION = YES;
				CLANG_WARN_DEPRECATED_OBJC_IMPLEMENTATIONS = YES;
				CLANG_WARN_DIRECT_OBJC_ISA_USAGE = YES_ERROR;
				CLANG_WARN_DOCUMENTATION_COMMENTS = YES;
				CLANG_WARN_EMPTY_BODY = YES;
				CLANG_WARN_ENUM_CONVERSION = YES;
				CLANG_WARN_INFINITE_RECURSION = YES;
				CLANG_WARN_INT_CONVERSION = YES;
				CLANG_WARN_NON_LITERAL_NULL_CONVERSION = YES;
				CLANG_WARN_OBJC_IMPLICIT_RETAIN_SELF = YES;
				CLANG_WARN_OBJC_LITERAL_CONVERSION = YES;
				CLANG_WARN_OBJC_ROOT_CLASS = YES_ERROR;
				CLANG_WARN_RANGE_LOOP_ANALYSIS = YES;
				CLANG_WARN_STRICT_PROTOTYPES = YES;
				CLANG_WARN_SUSPICIOUS_MOVE = YES;
				CLANG_WARN_UNGUARDED_AVAILABILITY = YES_AGGRESSIVE;
				CLANG_WARN_UNREACHABLE_CODE = YES;
				CLANG_WARN__DUPLICATE_METHOD_MATCH = YES;
				CODE_SIGN_IDENTITY = "iPhone Developer";
				COPY_PHASE_STRIP = NO;
				DEBUG_INFORMATION_FORMAT = dwarf;
				ENABLE_STRICT_OBJC_MSGSEND = YES;
				ENABLE_TESTABILITY = YES;
				GCC_C_LANGUAGE_STANDARD = gnu11;
				GCC_DYNAMIC_NO_PIC = NO;
				GCC_NO_COMMON_BLOCKS = YES;
				GCC_OPTIMIZATION_LEVEL = 0;
				GCC_PREPROCESSOR_DEFINITIONS = (
					"DEBUG=1",
					"$(inherited)",
				);
				GCC_WARN_64_TO_32_BIT_CONVERSION = YES;
				GCC_WARN_ABOUT_RETURN_TYPE = YES_ERROR;
				GCC_WARN_UNDECLARED_SELECTOR = YES;
				GCC_WARN_UNINITIALIZED_AUTOS = YES_AGGRESSIVE;
				GCC_WARN_UNUSED_FUNCTION = YES;
				GCC_WARN_UNUSED_VARIABLE = YES;
				IPHONEOS_DEPLOYMENT_TARGET = 8.0;
				MTL_ENABLE_DEBUG_INFO = YES;
				ONLY_ACTIVE_ARCH = NO;
				SDKROOT = iphoneos;
			};
			name = Debug;
		};
		7B2C420320E64F4D00AB0F5A /* Release */ = {
			isa = XCBuildConfiguration;
			buildSettings = {
				ALWAYS_SEARCH_USER_PATHS = NO;
				CLANG_ANALYZER_NONNULL = YES;
				CLANG_ANALYZER_NUMBER_OBJECT_CONVERSION = YES_AGGRESSIVE;
				CLANG_CXX_LANGUAGE_STANDARD = "gnu++14";
				CLANG_CXX_LIBRARY = "libc++";
				CLANG_ENABLE_MODULES = YES;
				CLANG_ENABLE_OBJC_ARC = YES;
				CLANG_ENABLE_OBJC_WEAK = YES;
				CLANG_WARN_BLOCK_CAPTURE_AUTORELEASING = YES;
				CLANG_WARN_BOOL_CONVERSION = YES;
				CLANG_WARN_COMMA = YES;
				CLANG_WARN_CONSTANT_CONVERSION = YES;
				CLANG_WARN_DEPRECATED_OBJC_IMPLEMENTATIONS = YES;
				CLANG_WARN_DIRECT_OBJC_ISA_USAGE = YES_ERROR;
				CLANG_WARN_DOCUMENTATION_COMMENTS = YES;
				CLANG_WARN_EMPTY_BODY = YES;
				CLANG_WARN_ENUM_CONVERSION = YES;
				CLANG_WARN_INFINITE_RECURSION = YES;
				CLANG_WARN_INT_CONVERSION = YES;
				CLANG_WARN_NON_LITERAL_NULL_CONVERSION = YES;
				CLANG_WARN_OBJC_IMPLICIT_RETAIN_SELF = YES;
				CLANG_WARN_OBJC_LITERAL_CONVERSION = YES;
				CLANG_WARN_OBJC_ROOT_CLASS = YES_ERROR;
				CLANG_WARN_RANGE_LOOP_ANALYSIS = YES;
				CLANG_WARN_STRICT_PROTOTYPES = YES;
				CLANG_WARN_SUSPICIOUS_MOVE = YES;
				CLANG_WARN_UNGUARDED_AVAILABILITY = YES_AGGRESSIVE;
				CLANG_WARN_UNREACHABLE_CODE = YES;
				CLANG_WARN__DUPLICATE_METHOD_MATCH = YES;
				CODE_SIGN_IDENTITY = "iPhone Developer";
				COPY_PHASE_STRIP = NO;
				DEBUG_INFORMATION_FORMAT = "dwarf-with-dsym";
				ENABLE_NS_ASSERTIONS = NO;
				ENABLE_STRICT_OBJC_MSGSEND = YES;
				GCC_C_LANGUAGE_STANDARD = gnu11;
				GCC_NO_COMMON_BLOCKS = YES;
				GCC_WARN_64_TO_32_BIT_CONVERSION = YES;
				GCC_WARN_ABOUT_RETURN_TYPE = YES_ERROR;
				GCC_WARN_UNDECLARED_SELECTOR = YES;
				GCC_WARN_UNINITIALIZED_AUTOS = YES_AGGRESSIVE;
				GCC_WARN_UNUSED_FUNCTION = YES;
				GCC_WARN_UNUSED_VARIABLE = YES;
				IPHONEOS_DEPLOYMENT_TARGET = 8.0;
				MTL_ENABLE_DEBUG_INFO = NO;
				ONLY_ACTIVE_ARCH = NO;
				SDKROOT = iphoneos;
				VALIDATE_PRODUCT = YES;
			};
			name = Release;
		};
		7B2C420520E64F4D00AB0F5A /* Debug */ = {
			isa = XCBuildConfiguration;
			buildSettings = {
				ASSETCATALOG_COMPILER_APPICON_NAME = AppIcon;
				CODE_SIGN_STYLE = Automatic;
				DEVELOPMENT_TEAM = X7JRCRW493;
				INFOPLIST_FILE = "$(SRCROOT)/RfidActiveApiReaderTestappIosObjC/Info.plist";
				LD_RUNPATH_SEARCH_PATHS = (
					"$(inherited)",
					"@executable_path/Frameworks",
				);
				PRODUCT_BUNDLE_IDENTIFIER = com.tertiumtechnology.RfidActiveApiReaderTestappIosObjC;
				PRODUCT_NAME = "$(TARGET_NAME)";
				TARGETED_DEVICE_FAMILY = "1,2";
			};
			name = Debug;
		};
		7B2C420620E64F4D00AB0F5A /* Release */ = {
			isa = XCBuildConfiguration;
			buildSettings = {
				ASSETCATALOG_COMPILER_APPICON_NAME = AppIcon;
				CODE_SIGN_STYLE = Automatic;
				DEVELOPMENT_TEAM = X7JRCRW493;
				INFOPLIST_FILE = "$(SRCROOT)/RfidActiveApiReaderTestappIosObjC/Info.plist";
				LD_RUNPATH_SEARCH_PATHS = (
					"$(inherited)",
					"@executable_path/Frameworks",
				);
				PRODUCT_BUNDLE_IDENTIFIER = com.tertiumtechnology.RfidActiveApiReaderTestappIosObjC;
				PRODUCT_NAME = "$(TARGET_NAME)";
				TARGETED_DEVICE_FAMILY = "1,2";
			};
			name = Release;
		};
/* End XCBuildConfiguration section */

/* Begin XCConfigurationList section */
		7B2C41E920E64F4A00AB0F5A /* Build configuration list for PBXProject "RfidActiveApiReaderTestappIosObjC" */ = {
			isa = XCConfigurationList;
			buildConfigurations = (
				7B2C420220E64F4D00AB0F5A /* Debug */,
				7B2C420320E64F4D00AB0F5A /* Release */,
			);
			defaultConfigurationIsVisible = 0;
			defaultConfigurationName = Release;
		};
		7B2C420420E64F4D00AB0F5A /* Build configuration list for PBXNativeTarget "RfidActiveApiReaderTestappIosObjC" */ = {
			isa = XCConfigurationList;
			buildConfigurations = (
				7B2C420520E64F4D00AB0F5A /* Debug */,
				7B2C420620E64F4D00AB0F5A /* Release */,
			);
			defaultConfigurationIsVisible = 0;
			defaultConfigurationName = Release;
		};
/* End XCConfigurationList section */
	};
	rootObject = 7B2C41E620E64F4A00AB0F5A /* Project object */;
}
